// !$*UTF8*$!
{
	archiveVersion = 1;
	classes = {
	};
	objectVersion = 56;
	objects = {

/* Begin PBXBuildFile section */
		075B559F29EB3A82004E02B3 /* AdMobBannerView.swift in Sources */ = {isa = PBXBuildFile; fileRef = 075B559E29EB3A82004E02B3 /* AdMobBannerView.swift */; };
		076384C929E872BA005DBD5A /* AppDelegate.swift in Sources */ = {isa = PBXBuildFile; fileRef = 076384C829E872BA005DBD5A /* AppDelegate.swift */; };
		076384CE29E87A15005DBD5A /* OAuthSwift in Frameworks */ = {isa = PBXBuildFile; productRef = 076384CD29E87A15005DBD5A /* OAuthSwift */; };
		076384D029E95B5D005DBD5A /* ShareSheet.swift in Sources */ = {isa = PBXBuildFile; fileRef = 076384CF29E95B5D005DBD5A /* ShareSheet.swift */; };
		076384D629EA82FA005DBD5A /* SettingsView.swift in Sources */ = {isa = PBXBuildFile; fileRef = 076384D529EA82FA005DBD5A /* SettingsView.swift */; };
		076384D829EA8660005DBD5A /* UpdateTrackRepository.swift in Sources */ = {isa = PBXBuildFile; fileRef = 076384D729EA8660005DBD5A /* UpdateTrackRepository.swift */; };
		076384DA29EA88E9005DBD5A /* KeyChainRepository.swift in Sources */ = {isa = PBXBuildFile; fileRef = 076384D929EA88E9005DBD5A /* KeyChainRepository.swift */; };
		076384DC29EA9A09005DBD5A /* FormatParser.swift in Sources */ = {isa = PBXBuildFile; fileRef = 076384DB29EA9A09005DBD5A /* FormatParser.swift */; };
		07779B5429EC117800266F87 /* Localizable.strings in Resources */ = {isa = PBXBuildFile; fileRef = 07779B5629EC117800266F87 /* Localizable.strings */; };
		07B81E0D2A3EF4BB00465FE0 /* GoogleService-Info.plist in Resources */ = {isa = PBXBuildFile; fileRef = 07B81E0C2A3EF4BB00465FE0 /* GoogleService-Info.plist */; };
		07D3808929E84A48003376C1 /* NP4iApp.swift in Sources */ = {isa = PBXBuildFile; fileRef = 07D3808829E84A48003376C1 /* NP4iApp.swift */; };
		07D3808B29E84A48003376C1 /* ContentView.swift in Sources */ = {isa = PBXBuildFile; fileRef = 07D3808A29E84A48003376C1 /* ContentView.swift */; };
		07D3808D29E84A49003376C1 /* Assets.xcassets in Resources */ = {isa = PBXBuildFile; fileRef = 07D3808C29E84A49003376C1 /* Assets.xcassets */; };
		07D3809029E84A49003376C1 /* Preview Assets.xcassets in Resources */ = {isa = PBXBuildFile; fileRef = 07D3808F29E84A49003376C1 /* Preview Assets.xcassets */; };
		07D3809A29E84A4A003376C1 /* NP4iTests.swift in Sources */ = {isa = PBXBuildFile; fileRef = 07D3809929E84A4A003376C1 /* NP4iTests.swift */; };
		07D380A429E84A4A003376C1 /* NP4iUITests.swift in Sources */ = {isa = PBXBuildFile; fileRef = 07D380A329E84A4A003376C1 /* NP4iUITests.swift */; };
		07D380A629E84A4A003376C1 /* NP4iUITestsLaunchTests.swift in Sources */ = {isa = PBXBuildFile; fileRef = 07D380A529E84A4A003376C1 /* NP4iUITestsLaunchTests.swift */; };
		07F071ED2DE9F3850034FC9B /* FirebaseAnalytics in Frameworks */ = {isa = PBXBuildFile; productRef = 07F071EC2DE9F3850034FC9B /* FirebaseAnalytics */; };
		07F071EF2DE9F3850034FC9B /* FirebaseCrashlytics in Frameworks */ = {isa = PBXBuildFile; productRef = 07F071EE2DE9F3850034FC9B /* FirebaseCrashlytics */; };
/* End PBXBuildFile section */

/* Begin PBXContainerItemProxy section */
		07D3809629E84A4A003376C1 /* PBXContainerItemProxy */ = {
			isa = PBXContainerItemProxy;
			containerPortal = 07D3807D29E84A48003376C1 /* Project object */;
			proxyType = 1;
			remoteGlobalIDString = 07D3808429E84A48003376C1;
			remoteInfo = NowPlaying4iOS;
		};
		07D380A029E84A4A003376C1 /* PBXContainerItemProxy */ = {
			isa = PBXContainerItemProxy;
			containerPortal = 07D3807D29E84A48003376C1 /* Project object */;
			proxyType = 1;
			remoteGlobalIDString = 07D3808429E84A48003376C1;
			remoteInfo = NowPlaying4iOS;
		};
/* End PBXContainerItemProxy section */

/* Begin PBXFileReference section */
		075B559E29EB3A82004E02B3 /* AdMobBannerView.swift */ = {isa = PBXFileReference; lastKnownFileType = sourcecode.swift; path = AdMobBannerView.swift; sourceTree = "<group>"; };
		076384C829E872BA005DBD5A /* AppDelegate.swift */ = {isa = PBXFileReference; lastKnownFileType = sourcecode.swift; path = AppDelegate.swift; sourceTree = "<group>"; };
		076384CF29E95B5D005DBD5A /* ShareSheet.swift */ = {isa = PBXFileReference; lastKnownFileType = sourcecode.swift; path = ShareSheet.swift; sourceTree = "<group>"; };
		076384D529EA82FA005DBD5A /* SettingsView.swift */ = {isa = PBXFileReference; lastKnownFileType = sourcecode.swift; path = SettingsView.swift; sourceTree = "<group>"; };
		076384D729EA8660005DBD5A /* UpdateTrackRepository.swift */ = {isa = PBXFileReference; lastKnownFileType = sourcecode.swift; path = UpdateTrackRepository.swift; sourceTree = "<group>"; };
		076384D929EA88E9005DBD5A /* KeyChainRepository.swift */ = {isa = PBXFileReference; lastKnownFileType = sourcecode.swift; path = KeyChainRepository.swift; sourceTree = "<group>"; };
		076384DB29EA9A09005DBD5A /* FormatParser.swift */ = {isa = PBXFileReference; lastKnownFileType = sourcecode.swift; path = FormatParser.swift; sourceTree = "<group>"; };
		07779B5129EC0C0E00266F87 /* Config.xcconfig */ = {isa = PBXFileReference; lastKnownFileType = text.xcconfig; path = Config.xcconfig; sourceTree = "<group>"; };
		07779B5529EC117800266F87 /* en */ = {isa = PBXFileReference; lastKnownFileType = text.plist.strings; name = en; path = en.lproj/Localizable.strings; sourceTree = "<group>"; };
		07779B5729EC118200266F87 /* ja */ = {isa = PBXFileReference; lastKnownFileType = text.plist.strings; name = ja; path = ja.lproj/Localizable.strings; sourceTree = "<group>"; };
		07B81E0C2A3EF4BB00465FE0 /* GoogleService-Info.plist */ = {isa = PBXFileReference; fileEncoding = 4; lastKnownFileType = text.plist.xml; name = "GoogleService-Info.plist"; path = "../../../../../Downloads/GoogleService-Info.plist"; sourceTree = "<group>"; };
		07D3808529E84A48003376C1 /* NP4i.app */ = {isa = PBXFileReference; explicitFileType = wrapper.application; includeInIndex = 0; path = NP4i.app; sourceTree = BUILT_PRODUCTS_DIR; };
		07D3808829E84A48003376C1 /* NP4iApp.swift */ = {isa = PBXFileReference; lastKnownFileType = sourcecode.swift; path = NP4iApp.swift; sourceTree = "<group>"; };
		07D3808A29E84A48003376C1 /* ContentView.swift */ = {isa = PBXFileReference; lastKnownFileType = sourcecode.swift; path = ContentView.swift; sourceTree = "<group>"; };
		07D3808C29E84A49003376C1 /* Assets.xcassets */ = {isa = PBXFileReference; lastKnownFileType = folder.assetcatalog; path = Assets.xcassets; sourceTree = "<group>"; };
		07D3808F29E84A49003376C1 /* Preview Assets.xcassets */ = {isa = PBXFileReference; lastKnownFileType = folder.assetcatalog; path = "Preview Assets.xcassets"; sourceTree = "<group>"; };
		07D3809529E84A4A003376C1 /* NP4iTests.xctest */ = {isa = PBXFileReference; explicitFileType = wrapper.cfbundle; includeInIndex = 0; path = NP4iTests.xctest; sourceTree = BUILT_PRODUCTS_DIR; };
		07D3809929E84A4A003376C1 /* NP4iTests.swift */ = {isa = PBXFileReference; lastKnownFileType = sourcecode.swift; path = NP4iTests.swift; sourceTree = "<group>"; };
		07D3809F29E84A4A003376C1 /* NP4iUITests.xctest */ = {isa = PBXFileReference; explicitFileType = wrapper.cfbundle; includeInIndex = 0; path = NP4iUITests.xctest; sourceTree = BUILT_PRODUCTS_DIR; };
		07D380A329E84A4A003376C1 /* NP4iUITests.swift */ = {isa = PBXFileReference; lastKnownFileType = sourcecode.swift; path = NP4iUITests.swift; sourceTree = "<group>"; };
		07D380A529E84A4A003376C1 /* NP4iUITestsLaunchTests.swift */ = {isa = PBXFileReference; lastKnownFileType = sourcecode.swift; path = NP4iUITestsLaunchTests.swift; sourceTree = "<group>"; };
/* End PBXFileReference section */

/* Begin PBXFrameworksBuildPhase section */
		07D3808229E84A48003376C1 /* Frameworks */ = {
			isa = PBXFrameworksBuildPhase;
			buildActionMask = 2147483647;
			files = (
				07F071EF2DE9F3850034FC9B /* FirebaseCrashlytics in Frameworks */,
				07F071ED2DE9F3850034FC9B /* FirebaseAnalytics in Frameworks */,
				076384CE29E87A15005DBD5A /* OAuthSwift in Frameworks */,
			);
			runOnlyForDeploymentPostprocessing = 0;
		};
		07D3809229E84A4A003376C1 /* Frameworks */ = {
			isa = PBXFrameworksBuildPhase;
			buildActionMask = 2147483647;
			files = (
			);
			runOnlyForDeploymentPostprocessing = 0;
		};
		07D3809C29E84A4A003376C1 /* Frameworks */ = {
			isa = PBXFrameworksBuildPhase;
			buildActionMask = 2147483647;
			files = (
			);
			runOnlyForDeploymentPostprocessing = 0;
		};
/* End PBXFrameworksBuildPhase section */

/* Begin PBXGroup section */
		076384CA29E876A0005DBD5A /* Frameworks */ = {
			isa = PBXGroup;
			children = (
			);
			name = Frameworks;
			sourceTree = "<group>";
		};
		07D3807C29E84A48003376C1 = {
			isa = PBXGroup;
			children = (
				07D3808729E84A48003376C1 /* NP4i */,
				07D3809829E84A4A003376C1 /* NP4iTests */,
				07D380A229E84A4A003376C1 /* NP4iUITests */,
				07D3808629E84A48003376C1 /* Products */,
				076384CA29E876A0005DBD5A /* Frameworks */,
			);
			sourceTree = "<group>";
		};
		07D3808629E84A48003376C1 /* Products */ = {
			isa = PBXGroup;
			children = (
				07D3808529E84A48003376C1 /* NP4i.app */,
				07D3809529E84A4A003376C1 /* NP4iTests.xctest */,
				07D3809F29E84A4A003376C1 /* NP4iUITests.xctest */,
			);
			name = Products;
			sourceTree = "<group>";
		};
		07D3808729E84A48003376C1 /* NP4i */ = {
			isa = PBXGroup;
			children = (
				07B81E0C2A3EF4BB00465FE0 /* GoogleService-Info.plist */,
				07D3808829E84A48003376C1 /* NP4iApp.swift */,
				07D3808A29E84A48003376C1 /* ContentView.swift */,
				07D3808C29E84A49003376C1 /* Assets.xcassets */,
				07D3808E29E84A49003376C1 /* Preview Content */,
				076384C829E872BA005DBD5A /* AppDelegate.swift */,
				076384CF29E95B5D005DBD5A /* ShareSheet.swift */,
				076384D529EA82FA005DBD5A /* SettingsView.swift */,
				076384D729EA8660005DBD5A /* UpdateTrackRepository.swift */,
				076384D929EA88E9005DBD5A /* KeyChainRepository.swift */,
				076384DB29EA9A09005DBD5A /* FormatParser.swift */,
				075B559E29EB3A82004E02B3 /* AdMobBannerView.swift */,
				07779B5129EC0C0E00266F87 /* Config.xcconfig */,
				07779B5629EC117800266F87 /* Localizable.strings */,
			);
			path = NP4i;
			sourceTree = "<group>";
		};
		07D3808E29E84A49003376C1 /* Preview Content */ = {
			isa = PBXGroup;
			children = (
				07D3808F29E84A49003376C1 /* Preview Assets.xcassets */,
			);
			path = "Preview Content";
			sourceTree = "<group>";
		};
		07D3809829E84A4A003376C1 /* NP4iTests */ = {
			isa = PBXGroup;
			children = (
				07D3809929E84A4A003376C1 /* NP4iTests.swift */,
			);
			path = NP4iTests;
			sourceTree = "<group>";
		};
		07D380A229E84A4A003376C1 /* NP4iUITests */ = {
			isa = PBXGroup;
			children = (
				07D380A329E84A4A003376C1 /* NP4iUITests.swift */,
				07D380A529E84A4A003376C1 /* NP4iUITestsLaunchTests.swift */,
			);
			path = NP4iUITests;
			sourceTree = "<group>";
		};
/* End PBXGroup section */

/* Begin PBXNativeTarget section */
		07D3808429E84A48003376C1 /* NP4i */ = {
			isa = PBXNativeTarget;
			buildConfigurationList = 07D380A929E84A4A003376C1 /* Build configuration list for PBXNativeTarget "NP4i" */;
			buildPhases = (
				07D3808129E84A48003376C1 /* Sources */,
				07D3808229E84A48003376C1 /* Frameworks */,
				07D3808329E84A48003376C1 /* Resources */,
				07B81E312A3EF68800465FE0 /* ShellScript */,
			);
			buildRules = (
			);
			dependencies = (
			);
			name = NP4i;
			packageProductDependencies = (
				076384CD29E87A15005DBD5A /* OAuthSwift */,
				07F071EC2DE9F3850034FC9B /* FirebaseAnalytics */,
				07F071EE2DE9F3850034FC9B /* FirebaseCrashlytics */,
			);
			productName = NP4i;
			productReference = 07D3808529E84A48003376C1 /* NP4i.app */;
			productType = "com.apple.product-type.application";
		};
		07D3809429E84A4A003376C1 /* NP4iTests */ = {
			isa = PBXNativeTarget;
			buildConfigurationList = 07D380AC29E84A4A003376C1 /* Build configuration list for PBXNativeTarget "NP4iTests" */;
			buildPhases = (
				07D3809129E84A4A003376C1 /* Sources */,
				07D3809229E84A4A003376C1 /* Frameworks */,
				07D3809329E84A4A003376C1 /* Resources */,
			);
			buildRules = (
			);
			dependencies = (
				07D3809729E84A4A003376C1 /* PBXTargetDependency */,
			);
			name = NP4iTests;
			productName = NP4iTests;
			productReference = 07D3809529E84A4A003376C1 /* NP4iTests.xctest */;
			productType = "com.apple.product-type.bundle.unit-test";
		};
		07D3809E29E84A4A003376C1 /* NP4iUITests */ = {
			isa = PBXNativeTarget;
			buildConfigurationList = 07D380AF29E84A4A003376C1 /* Build configuration list for PBXNativeTarget "NP4iUITests" */;
			buildPhases = (
				07D3809B29E84A4A003376C1 /* Sources */,
				07D3809C29E84A4A003376C1 /* Frameworks */,
				07D3809D29E84A4A003376C1 /* Resources */,
			);
			buildRules = (
			);
			dependencies = (
				07D380A129E84A4A003376C1 /* PBXTargetDependency */,
			);
			name = NP4iUITests;
			productName = NP4iOSUITests;
			productReference = 07D3809F29E84A4A003376C1 /* NP4iUITests.xctest */;
			productType = "com.apple.product-type.bundle.ui-testing";
		};
/* End PBXNativeTarget section */

/* Begin PBXProject section */
		07D3807D29E84A48003376C1 /* Project object */ = {
			isa = PBXProject;
			attributes = {
				BuildIndependentTargetsInParallel = 1;
				LastSwiftUpdateCheck = 1430;
				LastUpgradeCheck = 1620;
				TargetAttributes = {
					07D3808429E84A48003376C1 = {
						CreatedOnToolsVersion = 14.3;
					};
					07D3809429E84A4A003376C1 = {
						CreatedOnToolsVersion = 14.3;
						TestTargetID = 07D3808429E84A48003376C1;
					};
					07D3809E29E84A4A003376C1 = {
						CreatedOnToolsVersion = 14.3;
						TestTargetID = 07D3808429E84A48003376C1;
					};
				};
			};
			buildConfigurationList = 07D3808029E84A48003376C1 /* Build configuration list for PBXProject "NP4i" */;
			compatibilityVersion = "Xcode 14.0";
			developmentRegion = en;
			hasScannedForEncodings = 0;
			knownRegions = (
				en,
				Base,
				ja,
			);
			mainGroup = 07D3807C29E84A48003376C1;
			packageReferences = (
				076384CC29E87A15005DBD5A /* XCRemoteSwiftPackageReference "OAuthSwift" */,
				07F071EB2DE9F2EB0034FC9B /* XCRemoteSwiftPackageReference "firebase-ios-sdk" */,
			);
			productRefGroup = 07D3808629E84A48003376C1 /* Products */;
			projectDirPath = "";
			projectRoot = "";
			targets = (
				07D3808429E84A48003376C1 /* NP4i */,
				07D3809429E84A4A003376C1 /* NP4iTests */,
				07D3809E29E84A4A003376C1 /* NP4iUITests */,
			);
		};
/* End PBXProject section */

/* Begin PBXResourcesBuildPhase section */
		07D3808329E84A48003376C1 /* Resources */ = {
			isa = PBXResourcesBuildPhase;
			buildActionMask = 2147483647;
			files = (
				07D3809029E84A49003376C1 /* Preview Assets.xcassets in Resources */,
				07B81E0D2A3EF4BB00465FE0 /* GoogleService-Info.plist in Resources */,
				07779B5429EC117800266F87 /* Localizable.strings in Resources */,
				07D3808D29E84A49003376C1 /* Assets.xcassets in Resources */,
			);
			runOnlyForDeploymentPostprocessing = 0;
		};
		07D3809329E84A4A003376C1 /* Resources */ = {
			isa = PBXResourcesBuildPhase;
			buildActionMask = 2147483647;
			files = (
			);
			runOnlyForDeploymentPostprocessing = 0;
		};
		07D3809D29E84A4A003376C1 /* Resources */ = {
			isa = PBXResourcesBuildPhase;
			buildActionMask = 2147483647;
			files = (
			);
			runOnlyForDeploymentPostprocessing = 0;
		};
/* End PBXResourcesBuildPhase section */

/* Begin PBXShellScriptBuildPhase section */
		07B81E312A3EF68800465FE0 /* ShellScript */ = {
			isa = PBXShellScriptBuildPhase;
			buildActionMask = 2147483647;
			files = (
			);
			inputFileListPaths = (
			);
			inputPaths = (
				"${DWARF_DSYM_FOLDER_PATH}/${DWARF_DSYM_FILE_NAME}",
				"${DWARF_DSYM_FOLDER_PATH}/${DWARF_DSYM_FILE_NAME}/Contents/Resources/DWARF/${PRODUCT_NAME}",
				"${DWARF_DSYM_FOLDER_PATH}/${DWARF_DSYM_FILE_NAME}/Contents/Info.plist",
				"$(TARGET_BUILD_DIR)/$(UNLOCALIZED_RESOURCES_FOLDER_PATH)/GoogleService-Info.plist",
				"$(TARGET_BUILD_DIR)/$(EXECUTABLE_PATH)",
			);
			outputFileListPaths = (
			);
			outputPaths = (
			);
			runOnlyForDeploymentPostprocessing = 0;
			shellPath = /bin/sh;
			shellScript = "# Type a script or drag a script file from your workspace to insert its path.\n\"${BUILD_DIR%/Build/*}/SourcePackages/checkouts/firebase-ios-sdk/Crashlytics/run\"\n";
		};
/* End PBXShellScriptBuildPhase section */

/* Begin PBXSourcesBuildPhase section */
		07D3808129E84A48003376C1 /* Sources */ = {
			isa = PBXSourcesBuildPhase;
			buildActionMask = 2147483647;
			files = (
				076384D629EA82FA005DBD5A /* SettingsView.swift in Sources */,
				07D3808B29E84A48003376C1 /* ContentView.swift in Sources */,
				076384D029E95B5D005DBD5A /* ShareSheet.swift in Sources */,
				076384DC29EA9A09005DBD5A /* FormatParser.swift in Sources */,
				076384DA29EA88E9005DBD5A /* KeyChainRepository.swift in Sources */,
				075B559F29EB3A82004E02B3 /* AdMobBannerView.swift in Sources */,
				07D3808929E84A48003376C1 /* NP4iApp.swift in Sources */,
				076384D829EA8660005DBD5A /* UpdateTrackRepository.swift in Sources */,
				076384C929E872BA005DBD5A /* AppDelegate.swift in Sources */,
			);
			runOnlyForDeploymentPostprocessing = 0;
		};
		07D3809129E84A4A003376C1 /* Sources */ = {
			isa = PBXSourcesBuildPhase;
			buildActionMask = 2147483647;
			files = (
				07D3809A29E84A4A003376C1 /* NP4iTests.swift in Sources */,
			);
			runOnlyForDeploymentPostprocessing = 0;
		};
		07D3809B29E84A4A003376C1 /* Sources */ = {
			isa = PBXSourcesBuildPhase;
			buildActionMask = 2147483647;
			files = (
				07D380A429E84A4A003376C1 /* NP4iUITests.swift in Sources */,
				07D380A629E84A4A003376C1 /* NP4iUITestsLaunchTests.swift in Sources */,
			);
			runOnlyForDeploymentPostprocessing = 0;
		};
/* End PBXSourcesBuildPhase section */

/* Begin PBXTargetDependency section */
		07D3809729E84A4A003376C1 /* PBXTargetDependency */ = {
			isa = PBXTargetDependency;
			target = 07D3808429E84A48003376C1 /* NP4i */;
			targetProxy = 07D3809629E84A4A003376C1 /* PBXContainerItemProxy */;
		};
		07D380A129E84A4A003376C1 /* PBXTargetDependency */ = {
			isa = PBXTargetDependency;
			target = 07D3808429E84A48003376C1 /* NP4i */;
			targetProxy = 07D380A029E84A4A003376C1 /* PBXContainerItemProxy */;
		};
/* End PBXTargetDependency section */

/* Begin PBXVariantGroup section */
		07779B5629EC117800266F87 /* Localizable.strings */ = {
			isa = PBXVariantGroup;
			children = (
				07779B5529EC117800266F87 /* en */,
				07779B5729EC118200266F87 /* ja */,
			);
			name = Localizable.strings;
			sourceTree = "<group>";
		};
/* End PBXVariantGroup section */

/* Begin XCBuildConfiguration section */
		07D380A729E84A4A003376C1 /* Debug */ = {
			isa = XCBuildConfiguration;
			baseConfigurationReference = 07779B5129EC0C0E00266F87 /* Config.xcconfig */;
			buildSettings = {
				ALWAYS_SEARCH_USER_PATHS = NO;
				CLANG_ANALYZER_LOCALIZABILITY_NONLOCALIZED = YES;
				CLANG_ANALYZER_NONNULL = YES;
				CLANG_ANALYZER_NUMBER_OBJECT_CONVERSION = YES_AGGRESSIVE;
				CLANG_CXX_LANGUAGE_STANDARD = "gnu++20";
				CLANG_ENABLE_MODULES = YES;
				CLANG_ENABLE_OBJC_ARC = YES;
				CLANG_ENABLE_OBJC_WEAK = YES;
				CLANG_WARN_BLOCK_CAPTURE_AUTORELEASING = YES;
				CLANG_WARN_BOOL_CONVERSION = YES;
				CLANG_WARN_COMMA = YES;
				CLANG_WARN_CONSTANT_CONVERSION = YES;
				CLANG_WARN_DEPRECATED_OBJC_IMPLEMENTATIONS = YES;
				CLANG_WARN_DIRECT_OBJC_ISA_USAGE = YES_ERROR;
				CLANG_WARN_DOCUMENTATION_COMMENTS = YES;
				CLANG_WARN_EMPTY_BODY = YES;
				CLANG_WARN_ENUM_CONVERSION = YES;
				CLANG_WARN_INFINITE_RECURSION = YES;
				CLANG_WARN_INT_CONVERSION = YES;
				CLANG_WARN_NON_LITERAL_NULL_CONVERSION = YES;
				CLANG_WARN_OBJC_IMPLICIT_RETAIN_SELF = YES;
				CLANG_WARN_OBJC_LITERAL_CONVERSION = YES;
				CLANG_WARN_OBJC_ROOT_CLASS = YES_ERROR;
				CLANG_WARN_QUOTED_INCLUDE_IN_FRAMEWORK_HEADER = YES;
				CLANG_WARN_RANGE_LOOP_ANALYSIS = YES;
				CLANG_WARN_STRICT_PROTOTYPES = YES;
				CLANG_WARN_SUSPICIOUS_MOVE = YES;
				CLANG_WARN_UNGUARDED_AVAILABILITY = YES_AGGRESSIVE;
				CLANG_WARN_UNREACHABLE_CODE = YES;
				CLANG_WARN__DUPLICATE_METHOD_MATCH = YES;
				COPY_PHASE_STRIP = NO;
				DEBUG_INFORMATION_FORMAT = "dwarf-with-dsym";
				ENABLE_STRICT_OBJC_MSGSEND = YES;
				ENABLE_TESTABILITY = YES;
				ENABLE_USER_SCRIPT_SANDBOXING = YES;
				GCC_C_LANGUAGE_STANDARD = gnu11;
				GCC_DYNAMIC_NO_PIC = NO;
				GCC_NO_COMMON_BLOCKS = YES;
				GCC_OPTIMIZATION_LEVEL = 0;
				GCC_PREPROCESSOR_DEFINITIONS = (
					"DEBUG=1",
					"$(inherited)",
				);
				GCC_WARN_64_TO_32_BIT_CONVERSION = YES;
				GCC_WARN_ABOUT_RETURN_TYPE = YES_ERROR;
				GCC_WARN_UNDECLARED_SELECTOR = YES;
				GCC_WARN_UNINITIALIZED_AUTOS = YES_AGGRESSIVE;
				GCC_WARN_UNUSED_FUNCTION = YES;
				GCC_WARN_UNUSED_VARIABLE = YES;
				IPHONEOS_DEPLOYMENT_TARGET = 16.4;
				MTL_ENABLE_DEBUG_INFO = INCLUDE_SOURCE;
				MTL_FAST_MATH = YES;
				ONLY_ACTIVE_ARCH = YES;
				SDKROOT = iphoneos;
				SWIFT_ACTIVE_COMPILATION_CONDITIONS = DEBUG;
				SWIFT_OPTIMIZATION_LEVEL = "-Onone";
			};
			name = Debug;
		};
		07D380A829E84A4A003376C1 /* Release */ = {
			isa = XCBuildConfiguration;
			baseConfigurationReference = 07779B5129EC0C0E00266F87 /* Config.xcconfig */;
			buildSettings = {
				ALWAYS_SEARCH_USER_PATHS = NO;
				CLANG_ANALYZER_LOCALIZABILITY_NONLOCALIZED = YES;
				CLANG_ANALYZER_NONNULL = YES;
				CLANG_ANALYZER_NUMBER_OBJECT_CONVERSION = YES_AGGRESSIVE;
				CLANG_CXX_LANGUAGE_STANDARD = "gnu++20";
				CLANG_ENABLE_MODULES = YES;
				CLANG_ENABLE_OBJC_ARC = YES;
				CLANG_ENABLE_OBJC_WEAK = YES;
				CLANG_WARN_BLOCK_CAPTURE_AUTORELEASING = YES;
				CLANG_WARN_BOOL_CONVERSION = YES;
				CLANG_WARN_COMMA = YES;
				CLANG_WARN_CONSTANT_CONVERSION = YES;
				CLANG_WARN_DEPRECATED_OBJC_IMPLEMENTATIONS = YES;
				CLANG_WARN_DIRECT_OBJC_ISA_USAGE = YES_ERROR;
				CLANG_WARN_DOCUMENTATION_COMMENTS = YES;
				CLANG_WARN_EMPTY_BODY = YES;
				CLANG_WARN_ENUM_CONVERSION = YES;
				CLANG_WARN_INFINITE_RECURSION = YES;
				CLANG_WARN_INT_CONVERSION = YES;
				CLANG_WARN_NON_LITERAL_NULL_CONVERSION = YES;
				CLANG_WARN_OBJC_IMPLICIT_RETAIN_SELF = YES;
				CLANG_WARN_OBJC_LITERAL_CONVERSION = YES;
				CLANG_WARN_OBJC_ROOT_CLASS = YES_ERROR;
				CLANG_WARN_QUOTED_INCLUDE_IN_FRAMEWORK_HEADER = YES;
				CLANG_WARN_RANGE_LOOP_ANALYSIS = YES;
				CLANG_WARN_STRICT_PROTOTYPES = YES;
				CLANG_WARN_SUSPICIOUS_MOVE = YES;
				CLANG_WARN_UNGUARDED_AVAILABILITY = YES_AGGRESSIVE;
				CLANG_WARN_UNREACHABLE_CODE = YES;
				CLANG_WARN__DUPLICATE_METHOD_MATCH = YES;
				COPY_PHASE_STRIP = NO;
				DEBUG_INFORMATION_FORMAT = "dwarf-with-dsym";
				ENABLE_NS_ASSERTIONS = NO;
				ENABLE_STRICT_OBJC_MSGSEND = YES;
				ENABLE_USER_SCRIPT_SANDBOXING = YES;
				GCC_C_LANGUAGE_STANDARD = gnu11;
				GCC_NO_COMMON_BLOCKS = YES;
				GCC_WARN_64_TO_32_BIT_CONVERSION = YES;
				GCC_WARN_ABOUT_RETURN_TYPE = YES_ERROR;
				GCC_WARN_UNDECLARED_SELECTOR = YES;
				GCC_WARN_UNINITIALIZED_AUTOS = YES_AGGRESSIVE;
				GCC_WARN_UNUSED_FUNCTION = YES;
				GCC_WARN_UNUSED_VARIABLE = YES;
				IPHONEOS_DEPLOYMENT_TARGET = 16.4;
				MTL_ENABLE_DEBUG_INFO = NO;
				MTL_FAST_MATH = YES;
				SDKROOT = iphoneos;
				SWIFT_COMPILATION_MODE = wholemodule;
				SWIFT_OPTIMIZATION_LEVEL = "-O";
				VALIDATE_PRODUCT = YES;
			};
			name = Release;
		};
		07D380AA29E84A4A003376C1 /* Debug */ = {
			isa = XCBuildConfiguration;
			baseConfigurationReference = 07779B5129EC0C0E00266F87 /* Config.xcconfig */;
			buildSettings = {
				ASSETCATALOG_COMPILER_APPICON_NAME = AppIcon;
				ASSETCATALOG_COMPILER_GLOBAL_ACCENT_COLOR_NAME = AccentColor;
				CODE_SIGN_IDENTITY = "Apple Development";
				CODE_SIGN_STYLE = Automatic;
				CURRENT_PROJECT_VERSION = 18;
				DEBUG_INFORMATION_FORMAT = "dwarf-with-dsym";
				DEVELOPMENT_ASSET_PATHS = "\"NP4i/Preview Content\"";
				DEVELOPMENT_TEAM = 5228F48D57;
				ENABLE_PREVIEWS = YES;
				GENERATE_INFOPLIST_FILE = YES;
				INFOPLIST_FILE = NP4i/Info.plist;
				INFOPLIST_KEY_CFBundleDisplayName = NP4i;
				INFOPLIST_KEY_LSApplicationCategoryType = "public.app-category.utilities";
				INFOPLIST_KEY_NSAppleMusicUsageDescription = "Use Media Library for obtaining/search playing music information";
				INFOPLIST_KEY_UIApplicationSceneManifest_Generation = YES;
				INFOPLIST_KEY_UIApplicationSupportsIndirectInputEvents = YES;
				INFOPLIST_KEY_UILaunchScreen_Generation = YES;
				INFOPLIST_KEY_UIRequiresFullScreen = YES;
				INFOPLIST_KEY_UISupportedInterfaceOrientations = UIInterfaceOrientationPortrait;
				IPHONEOS_DEPLOYMENT_TARGET = 16.2;
				LD_RUNPATH_SEARCH_PATHS = (
					"$(inherited)",
					"@executable_path/Frameworks",
				);
				MARKETING_VERSION = 1.1.15;
				"OTHER_LDFLAGS[arch=*]" = "-ObjC";
				PRODUCT_BUNDLE_IDENTIFIER = com.geckour.NP4i;
				PRODUCT_NAME = "$(TARGET_NAME)";
				PROVISIONING_PROFILE_SPECIFIER = "";
				SWIFT_EMIT_LOC_STRINGS = YES;
				SWIFT_VERSION = 5.0;
				TARGETED_DEVICE_FAMILY = "1,2";
			};
			name = Debug;
		};
		07D380AB29E84A4A003376C1 /* Release */ = {
			isa = XCBuildConfiguration;
			baseConfigurationReference = 07779B5129EC0C0E00266F87 /* Config.xcconfig */;
			buildSettings = {
				ASSETCATALOG_COMPILER_APPICON_NAME = AppIcon;
				ASSETCATALOG_COMPILER_GLOBAL_ACCENT_COLOR_NAME = AccentColor;
				CODE_SIGN_IDENTITY = "Apple Development";
				CODE_SIGN_STYLE = Automatic;
				CURRENT_PROJECT_VERSION = 18;
				DEVELOPMENT_ASSET_PATHS = "\"NP4i/Preview Content\"";
				DEVELOPMENT_TEAM = 5228F48D57;
				ENABLE_PREVIEWS = YES;
				GENERATE_INFOPLIST_FILE = YES;
				INFOPLIST_FILE = NP4i/Info.plist;
				INFOPLIST_KEY_CFBundleDisplayName = NP4i;
				INFOPLIST_KEY_LSApplicationCategoryType = "public.app-category.utilities";
				INFOPLIST_KEY_NSAppleMusicUsageDescription = "Use Media Library for obtaining/search playing music information";
				INFOPLIST_KEY_UIApplicationSceneManifest_Generation = YES;
				INFOPLIST_KEY_UIApplicationSupportsIndirectInputEvents = YES;
				INFOPLIST_KEY_UILaunchScreen_Generation = YES;
				INFOPLIST_KEY_UIRequiresFullScreen = YES;
				INFOPLIST_KEY_UISupportedInterfaceOrientations = UIInterfaceOrientationPortrait;
				IPHONEOS_DEPLOYMENT_TARGET = 16.2;
				LD_RUNPATH_SEARCH_PATHS = (
					"$(inherited)",
					"@executable_path/Frameworks",
				);
				MARKETING_VERSION = 1.1.15;
				"OTHER_LDFLAGS[arch=*]" = "-ObjC";
				PRODUCT_BUNDLE_IDENTIFIER = com.geckour.NP4i;
				PRODUCT_NAME = "$(TARGET_NAME)";
				PROVISIONING_PROFILE_SPECIFIER = "";
				SWIFT_EMIT_LOC_STRINGS = YES;
				SWIFT_VERSION = 5.0;
				TARGETED_DEVICE_FAMILY = "1,2";
			};
			name = Release;
		};
		07D380AD29E84A4A003376C1 /* Debug */ = {
			isa = XCBuildConfiguration;
			buildSettings = {
				BUNDLE_LOADER = "$(TEST_HOST)";
				CODE_SIGN_STYLE = Automatic;
				CURRENT_PROJECT_VERSION = 1;
				GENERATE_INFOPLIST_FILE = YES;
				IPHONEOS_DEPLOYMENT_TARGET = 16.4;
				MARKETING_VERSION = 1.0;
				PRODUCT_BUNDLE_IDENTIFIER = com.geckour.NP4iTests;
				PRODUCT_NAME = "$(TARGET_NAME)";
				SWIFT_EMIT_LOC_STRINGS = NO;
				SWIFT_VERSION = 5.0;
				TARGETED_DEVICE_FAMILY = "1,2";
				TEST_HOST = "$(BUILT_PRODUCTS_DIR)/NP4i.app/$(BUNDLE_EXECUTABLE_FOLDER_PATH)/NP4i";
			};
			name = Debug;
		};
		07D380AE29E84A4A003376C1 /* Release */ = {
			isa = XCBuildConfiguration;
			buildSettings = {
				BUNDLE_LOADER = "$(TEST_HOST)";
				CODE_SIGN_STYLE = Automatic;
				CURRENT_PROJECT_VERSION = 1;
				GENERATE_INFOPLIST_FILE = YES;
				IPHONEOS_DEPLOYMENT_TARGET = 16.4;
				MARKETING_VERSION = 1.0;
				PRODUCT_BUNDLE_IDENTIFIER = com.geckour.NP4iTests;
				PRODUCT_NAME = "$(TARGET_NAME)";
				SWIFT_EMIT_LOC_STRINGS = NO;
				SWIFT_VERSION = 5.0;
				TARGETED_DEVICE_FAMILY = "1,2";
				TEST_HOST = "$(BUILT_PRODUCTS_DIR)/NP4i.app/$(BUNDLE_EXECUTABLE_FOLDER_PATH)/NP4i";
			};
			name = Release;
		};
		07D380B029E84A4A003376C1 /* Debug */ = {
			isa = XCBuildConfiguration;
			buildSettings = {
				CODE_SIGN_STYLE = Automatic;
				CURRENT_PROJECT_VERSION = 1;
				GENERATE_INFOPLIST_FILE = YES;
				MARKETING_VERSION = 1.0;
				PRODUCT_BUNDLE_IDENTIFIER = com.geckour.NP4iUITests;
				PRODUCT_NAME = "$(TARGET_NAME)";
				SWIFT_EMIT_LOC_STRINGS = NO;
				SWIFT_VERSION = 5.0;
				TARGETED_DEVICE_FAMILY = "1,2";
				TEST_TARGET_NAME = NP4i;
			};
			name = Debug;
		};
		07D380B129E84A4A003376C1 /* Release */ = {
			isa = XCBuildConfiguration;
			buildSettings = {
				CODE_SIGN_STYLE = Automatic;
				CURRENT_PROJECT_VERSION = 1;
				GENERATE_INFOPLIST_FILE = YES;
				MARKETING_VERSION = 1.0;
				PRODUCT_BUNDLE_IDENTIFIER = com.geckour.NP4iUITests;
				PRODUCT_NAME = "$(TARGET_NAME)";
				SWIFT_EMIT_LOC_STRINGS = NO;
				SWIFT_VERSION = 5.0;
				TARGETED_DEVICE_FAMILY = "1,2";
				TEST_TARGET_NAME = NP4i;
			};
			name = Release;
		};
/* End XCBuildConfiguration section */

/* Begin XCConfigurationList section */
		07D3808029E84A48003376C1 /* Build configuration list for PBXProject "NP4i" */ = {
			isa = XCConfigurationList;
			buildConfigurations = (
				07D380A729E84A4A003376C1 /* Debug */,
				07D380A829E84A4A003376C1 /* Release */,
			);
			defaultConfigurationIsVisible = 0;
			defaultConfigurationName = Release;
		};
		07D380A929E84A4A003376C1 /* Build configuration list for PBXNativeTarget "NP4i" */ = {
			isa = XCConfigurationList;
			buildConfigurations = (
				07D380AA29E84A4A003376C1 /* Debug */,
				07D380AB29E84A4A003376C1 /* Release */,
			);
			defaultConfigurationIsVisible = 0;
			defaultConfigurationName = Release;
		};
		07D380AC29E84A4A003376C1 /* Build configuration list for PBXNativeTarget "NP4iTests" */ = {
			isa = XCConfigurationList;
			buildConfigurations = (
				07D380AD29E84A4A003376C1 /* Debug */,
				07D380AE29E84A4A003376C1 /* Release */,
			);
			defaultConfigurationIsVisible = 0;
			defaultConfigurationName = Release;
		};
		07D380AF29E84A4A003376C1 /* Build configuration list for PBXNativeTarget "NP4iUITests" */ = {
			isa = XCConfigurationList;
			buildConfigurations = (
				07D380B029E84A4A003376C1 /* Debug */,
				07D380B129E84A4A003376C1 /* Release */,
			);
			defaultConfigurationIsVisible = 0;
			defaultConfigurationName = Release;
		};
/* End XCConfigurationList section */

/* Begin XCRemoteSwiftPackageReference section */
		076384CC29E87A15005DBD5A /* XCRemoteSwiftPackageReference "OAuthSwift" */ = {
			isa = XCRemoteSwiftPackageReference;
			repositoryURL = "https://github.com/OAuthSwift/OAuthSwift";
			requirement = {
				kind = exactVersion;
				version = 2.2.0;
			};
		};
		07F071EB2DE9F2EB0034FC9B /* XCRemoteSwiftPackageReference "firebase-ios-sdk" */ = {
			isa = XCRemoteSwiftPackageReference;
			repositoryURL = "https://github.com/firebase/firebase-ios-sdk.git";
			requirement = {
				kind = upToNextMajorVersion;
				minimumVersion = 11.13.0;
			};
		};
/* End XCRemoteSwiftPackageReference section */

/* Begin XCSwiftPackageProductDependency section */
		076384CD29E87A15005DBD5A /* OAuthSwift */ = {
			isa = XCSwiftPackageProductDependency;
			package = 076384CC29E87A15005DBD5A /* XCRemoteSwiftPackageReference "OAuthSwift" */;
			productName = OAuthSwift;
		};
		07F071EC2DE9F3850034FC9B /* FirebaseAnalytics */ = {
			isa = XCSwiftPackageProductDependency;
			package = 07F071EB2DE9F2EB0034FC9B /* XCRemoteSwiftPackageReference "firebase-ios-sdk" */;
			productName = FirebaseAnalytics;
		};
		07F071EE2DE9F3850034FC9B /* FirebaseCrashlytics */ = {
			isa = XCSwiftPackageProductDependency;
			package = 07F071EB2DE9F2EB0034FC9B /* XCRemoteSwiftPackageReference "firebase-ios-sdk" */;
			productName = FirebaseCrashlytics;
		};
/* End XCSwiftPackageProductDependency section */
	};
	rootObject = 07D3807D29E84A48003376C1 /* Project object */;
}
