// !$*UTF8*$!
{
	archiveVersion = 1;
	classes = {
	};
	objectVersion = 56;
	objects = {

/* Begin PBXBuildFile section */
		07D3808929E84A48003376C1 /* NowPlaying4iOSApp.swift in Sources */ = {isa = PBXBuildFile; fileRef = 07D3808829E84A48003376C1 /* NowPlaying4iOSApp.swift */; };
		07D3808B29E84A48003376C1 /* ContentView.swift in Sources */ = {isa = PBXBuildFile; fileRef = 07D3808A29E84A48003376C1 /* ContentView.swift */; };
		07D3808D29E84A49003376C1 /* Assets.xcassets in Resources */ = {isa = PBXBuildFile; fileRef = 07D3808C29E84A49003376C1 /* Assets.xcassets */; };
		07D3809029E84A49003376C1 /* Preview Assets.xcassets in Resources */ = {isa = PBXBuildFile; fileRef = 07D3808F29E84A49003376C1 /* Preview Assets.xcassets */; };
		07D3809A29E84A4A003376C1 /* NowPlaying4iOSTests.swift in Sources */ = {isa = PBXBuildFile; fileRef = 07D3809929E84A4A003376C1 /* NowPlaying4iOSTests.swift */; };
		07D380A429E84A4A003376C1 /* NowPlaying4iOSUITests.swift in Sources */ = {isa = PBXBuildFile; fileRef = 07D380A329E84A4A003376C1 /* NowPlaying4iOSUITests.swift */; };
		07D380A629E84A4A003376C1 /* NowPlaying4iOSUITestsLaunchTests.swift in Sources */ = {isa = PBXBuildFile; fileRef = 07D380A529E84A4A003376C1 /* NowPlaying4iOSUITestsLaunchTests.swift */; };
/* End PBXBuildFile section */

/* Begin PBXContainerItemProxy section */
		07D3809629E84A4A003376C1 /* PBXContainerItemProxy */ = {
			isa = PBXContainerItemProxy;
			containerPortal = 07D3807D29E84A48003376C1 /* Project object */;
			proxyType = 1;
			remoteGlobalIDString = 07D3808429E84A48003376C1;
			remoteInfo = NowPlaying4iOS;
		};
		07D380A029E84A4A003376C1 /* PBXContainerItemProxy */ = {
			isa = PBXContainerItemProxy;
			containerPortal = 07D3807D29E84A48003376C1 /* Project object */;
			proxyType = 1;
			remoteGlobalIDString = 07D3808429E84A48003376C1;
			remoteInfo = NowPlaying4iOS;
		};
/* End PBXContainerItemProxy section */

/* Begin PBXFileReference section */
		07D3808529E84A48003376C1 /* NowPlaying4iOS.app */ = {isa = PBXFileReference; explicitFileType = wrapper.application; includeInIndex = 0; path = NowPlaying4iOS.app; sourceTree = BUILT_PRODUCTS_DIR; };
		07D3808829E84A48003376C1 /* NowPlaying4iOSApp.swift */ = {isa = PBXFileReference; lastKnownFileType = sourcecode.swift; path = NowPlaying4iOSApp.swift; sourceTree = "<group>"; };
		07D3808A29E84A48003376C1 /* ContentView.swift */ = {isa = PBXFileReference; lastKnownFileType = sourcecode.swift; path = ContentView.swift; sourceTree = "<group>"; };
		07D3808C29E84A49003376C1 /* Assets.xcassets */ = {isa = PBXFileReference; lastKnownFileType = folder.assetcatalog; path = Assets.xcassets; sourceTree = "<group>"; };
		07D3808F29E84A49003376C1 /* Preview Assets.xcassets */ = {isa = PBXFileReference; lastKnownFileType = folder.assetcatalog; path = "Preview Assets.xcassets"; sourceTree = "<group>"; };
		07D3809529E84A4A003376C1 /* NowPlaying4iOSTests.xctest */ = {isa = PBXFileReference; explicitFileType = wrapper.cfbundle; includeInIndex = 0; path = NowPlaying4iOSTests.xctest; sourceTree = BUILT_PRODUCTS_DIR; };
		07D3809929E84A4A003376C1 /* NowPlaying4iOSTests.swift */ = {isa = PBXFileReference; lastKnownFileType = sourcecode.swift; path = NowPlaying4iOSTests.swift; sourceTree = "<group>"; };
		07D3809F29E84A4A003376C1 /* NowPlaying4iOSUITests.xctest */ = {isa = PBXFileReference; explicitFileType = wrapper.cfbundle; includeInIndex = 0; path = NowPlaying4iOSUITests.xctest; sourceTree = BUILT_PRODUCTS_DIR; };
		07D380A329E84A4A003376C1 /* NowPlaying4iOSUITests.swift */ = {isa = PBXFileReference; lastKnownFileType = sourcecode.swift; path = NowPlaying4iOSUITests.swift; sourceTree = "<group>"; };
		07D380A529E84A4A003376C1 /* NowPlaying4iOSUITestsLaunchTests.swift */ = {isa = PBXFileReference; lastKnownFileType = sourcecode.swift; path = NowPlaying4iOSUITestsLaunchTests.swift; sourceTree = "<group>"; };
/* End PBXFileReference section */

/* Begin PBXFrameworksBuildPhase section */
		07D3808229E84A48003376C1 /* Frameworks */ = {
			isa = PBXFrameworksBuildPhase;
			buildActionMask = 2147483647;
			files = (
			);
			runOnlyForDeploymentPostprocessing = 0;
		};
		07D3809229E84A4A003376C1 /* Frameworks */ = {
			isa = PBXFrameworksBuildPhase;
			buildActionMask = 2147483647;
			files = (
			);
			runOnlyForDeploymentPostprocessing = 0;
		};
		07D3809C29E84A4A003376C1 /* Frameworks */ = {
			isa = PBXFrameworksBuildPhase;
			buildActionMask = 2147483647;
			files = (
			);
			runOnlyForDeploymentPostprocessing = 0;
		};
/* End PBXFrameworksBuildPhase section */

/* Begin PBXGroup section */
		07D3807C29E84A48003376C1 = {
			isa = PBXGroup;
			children = (
				07D3808729E84A48003376C1 /* NowPlaying4iOS */,
				07D3809829E84A4A003376C1 /* NowPlaying4iOSTests */,
				07D380A229E84A4A003376C1 /* NowPlaying4iOSUITests */,
				07D3808629E84A48003376C1 /* Products */,
			);
			sourceTree = "<group>";
		};
		07D3808629E84A48003376C1 /* Products */ = {
			isa = PBXGroup;
			children = (
				07D3808529E84A48003376C1 /* NowPlaying4iOS.app */,
				07D3809529E84A4A003376C1 /* NowPlaying4iOSTests.xctest */,
				07D3809F29E84A4A003376C1 /* NowPlaying4iOSUITests.xctest */,
			);
			name = Products;
			sourceTree = "<group>";
		};
		07D3808729E84A48003376C1 /* NowPlaying4iOS */ = {
			isa = PBXGroup;
			children = (
				07D3808829E84A48003376C1 /* NowPlaying4iOSApp.swift */,
				07D3808A29E84A48003376C1 /* ContentView.swift */,
				07D3808C29E84A49003376C1 /* Assets.xcassets */,
				07D3808E29E84A49003376C1 /* Preview Content */,
			);
			path = NowPlaying4iOS;
			sourceTree = "<group>";
		};
		07D3808E29E84A49003376C1 /* Preview Content */ = {
			isa = PBXGroup;
			children = (
				07D3808F29E84A49003376C1 /* Preview Assets.xcassets */,
			);
			path = "Preview Content";
			sourceTree = "<group>";
		};
		07D3809829E84A4A003376C1 /* NowPlaying4iOSTests */ = {
			isa = PBXGroup;
			children = (
				07D3809929E84A4A003376C1 /* NowPlaying4iOSTests.swift */,
			);
			path = NowPlaying4iOSTests;
			sourceTree = "<group>";
		};
		07D380A229E84A4A003376C1 /* NowPlaying4iOSUITests */ = {
			isa = PBXGroup;
			children = (
				07D380A329E84A4A003376C1 /* NowPlaying4iOSUITests.swift */,
				07D380A529E84A4A003376C1 /* NowPlaying4iOSUITestsLaunchTests.swift */,
			);
			path = NowPlaying4iOSUITests;
			sourceTree = "<group>";
		};
/* End PBXGroup section */

/* Begin PBXNativeTarget section */
		07D3808429E84A48003376C1 /* NowPlaying4iOS */ = {
			isa = PBXNativeTarget;
			buildConfigurationList = 07D380A929E84A4A003376C1 /* Build configuration list for PBXNativeTarget "NowPlaying4iOS" */;
			buildPhases = (
				07D3808129E84A48003376C1 /* Sources */,
				07D3808229E84A48003376C1 /* Frameworks */,
				07D3808329E84A48003376C1 /* Resources */,
			);
			buildRules = (
			);
			dependencies = (
			);
			name = NowPlaying4iOS;
			productName = NowPlaying4iOS;
			productReference = 07D3808529E84A48003376C1 /* NowPlaying4iOS.app */;
			productType = "com.apple.product-type.application";
		};
		07D3809429E84A4A003376C1 /* NowPlaying4iOSTests */ = {
			isa = PBXNativeTarget;
			buildConfigurationList = 07D380AC29E84A4A003376C1 /* Build configuration list for PBXNativeTarget "NowPlaying4iOSTests" */;
			buildPhases = (
				07D3809129E84A4A003376C1 /* Sources */,
				07D3809229E84A4A003376C1 /* Frameworks */,
				07D3809329E84A4A003376C1 /* Resources */,
			);
			buildRules = (
			);
			dependencies = (
				07D3809729E84A4A003376C1 /* PBXTargetDependency */,
			);
			name = NowPlaying4iOSTests;
			productName = NowPlaying4iOSTests;
			productReference = 07D3809529E84A4A003376C1 /* NowPlaying4iOSTests.xctest */;
			productType = "com.apple.product-type.bundle.unit-test";
		};
		07D3809E29E84A4A003376C1 /* NowPlaying4iOSUITests */ = {
			isa = PBXNativeTarget;
			buildConfigurationList = 07D380AF29E84A4A003376C1 /* Build configuration list for PBXNativeTarget "NowPlaying4iOSUITests" */;
			buildPhases = (
				07D3809B29E84A4A003376C1 /* Sources */,
				07D3809C29E84A4A003376C1 /* Frameworks */,
				07D3809D29E84A4A003376C1 /* Resources */,
			);
			buildRules = (
			);
			dependencies = (
				07D380A129E84A4A003376C1 /* PBXTargetDependency */,
			);
			name = NowPlaying4iOSUITests;
			productName = NowPlaying4iOSUITests;
			productReference = 07D3809F29E84A4A003376C1 /* NowPlaying4iOSUITests.xctest */;
			productType = "com.apple.product-type.bundle.ui-testing";
		};
/* End PBXNativeTarget section */

/* Begin PBXProject section */
		07D3807D29E84A48003376C1 /* Project object */ = {
			isa = PBXProject;
			attributes = {
				BuildIndependentTargetsInParallel = 1;
				LastSwiftUpdateCheck = 1430;
				LastUpgradeCheck = 1430;
				TargetAttributes = {
					07D3808429E84A48003376C1 = {
						CreatedOnToolsVersion = 14.3;
					};
					07D3809429E84A4A003376C1 = {
						CreatedOnToolsVersion = 14.3;
						TestTargetID = 07D3808429E84A48003376C1;
					};
					07D3809E29E84A4A003376C1 = {
						CreatedOnToolsVersion = 14.3;
						TestTargetID = 07D3808429E84A48003376C1;
					};
				};
			};
			buildConfigurationList = 07D3808029E84A48003376C1 /* Build configuration list for PBXProject "NowPlaying4iOS" */;
			compatibilityVersion = "Xcode 14.0";
			developmentRegion = en;
			hasScannedForEncodings = 0;
			knownRegions = (
				en,
				Base,
			);
			mainGroup = 07D3807C29E84A48003376C1;
			productRefGroup = 07D3808629E84A48003376C1 /* Products */;
			projectDirPath = "";
			projectRoot = "";
			targets = (
				07D3808429E84A48003376C1 /* NowPlaying4iOS */,
				07D3809429E84A4A003376C1 /* NowPlaying4iOSTests */,
				07D3809E29E84A4A003376C1 /* NowPlaying4iOSUITests */,
			);
		};
/* End PBXProject section */

/* Begin PBXResourcesBuildPhase section */
		07D3808329E84A48003376C1 /* Resources */ = {
			isa = PBXResourcesBuildPhase;
			buildActionMask = 2147483647;
			files = (
				07D3809029E84A49003376C1 /* Preview Assets.xcassets in Resources */,
				07D3808D29E84A49003376C1 /* Assets.xcassets in Resources */,
			);
			runOnlyForDeploymentPostprocessing = 0;
		};
		07D3809329E84A4A003376C1 /* Resources */ = {
			isa = PBXResourcesBuildPhase;
			buildActionMask = 2147483647;
			files = (
			);
			runOnlyForDeploymentPostprocessing = 0;
		};
		07D3809D29E84A4A003376C1 /* Resources */ = {
			isa = PBXResourcesBuildPhase;
			buildActionMask = 2147483647;
			files = (
			);
			runOnlyForDeploymentPostprocessing = 0;
		};
/* End PBXResourcesBuildPhase section */

/* Begin PBXSourcesBuildPhase section */
		07D3808129E84A48003376C1 /* Sources */ = {
			isa = PBXSourcesBuildPhase;
			buildActionMask = 2147483647;
			files = (
				07D3808B29E84A48003376C1 /* ContentView.swift in Sources */,
				07D3808929E84A48003376C1 /* NowPlaying4iOSApp.swift in Sources */,
			);
			runOnlyForDeploymentPostprocessing = 0;
		};
		07D3809129E84A4A003376C1 /* Sources */ = {
			isa = PBXSourcesBuildPhase;
			buildActionMask = 2147483647;
			files = (
				07D3809A29E84A4A003376C1 /* NowPlaying4iOSTests.swift in Sources */,
			);
			runOnlyForDeploymentPostprocessing = 0;
		};
		07D3809B29E84A4A003376C1 /* Sources */ = {
			isa = PBXSourcesBuildPhase;
			buildActionMask = 2147483647;
			files = (
				07D380A429E84A4A003376C1 /* NowPlaying4iOSUITests.swift in Sources */,
				07D380A629E84A4A003376C1 /* NowPlaying4iOSUITestsLaunchTests.swift in Sources */,
			);
			runOnlyForDeploymentPostprocessing = 0;
		};
/* End PBXSourcesBuildPhase section */

/* Begin PBXTargetDependency section */
		07D3809729E84A4A003376C1 /* PBXTargetDependency */ = {
			isa = PBXTargetDependency;
			target = 07D3808429E84A48003376C1 /* NowPlaying4iOS */;
			targetProxy = 07D3809629E84A4A003376C1 /* PBXContainerItemProxy */;
		};
		07D380A129E84A4A003376C1 /* PBXTargetDependency */ = {
			isa = PBXTargetDependency;
			target = 07D3808429E84A48003376C1 /* NowPlaying4iOS */;
			targetProxy = 07D380A029E84A4A003376C1 /* PBXContainerItemProxy */;
		};
/* End PBXTargetDependency section */

/* Begin XCBuildConfiguration section */
		07D380A729E84A4A003376C1 /* Debug */ = {
			isa = XCBuildConfiguration;
			buildSettings = {
				ALWAYS_SEARCH_USER_PATHS = NO;
				CLANG_ANALYZER_NONNULL = YES;
				CLANG_ANALYZER_NUMBER_OBJECT_CONVERSION = YES_AGGRESSIVE;
				CLANG_CXX_LANGUAGE_STANDARD = "gnu++20";
				CLANG_ENABLE_MODULES = YES;
				CLANG_ENABLE_OBJC_ARC = YES;
				CLANG_ENABLE_OBJC_WEAK = YES;
				CLANG_WARN_BLOCK_CAPTURE_AUTORELEASING = YES;
				CLANG_WARN_BOOL_CONVERSION = YES;
				CLANG_WARN_COMMA = YES;
				CLANG_WARN_CONSTANT_CONVERSION = YES;
				CLANG_WARN_DEPRECATED_OBJC_IMPLEMENTATIONS = YES;
				CLANG_WARN_DIRECT_OBJC_ISA_USAGE = YES_ERROR;
				CLANG_WARN_DOCUMENTATION_COMMENTS = YES;
				CLANG_WARN_EMPTY_BODY = YES;
				CLANG_WARN_ENUM_CONVERSION = YES;
				CLANG_WARN_INFINITE_RECURSION = YES;
				CLANG_WARN_INT_CONVERSION = YES;
				CLANG_WARN_NON_LITERAL_NULL_CONVERSION = YES;
				CLANG_WARN_OBJC_IMPLICIT_RETAIN_SELF = YES;
				CLANG_WARN_OBJC_LITERAL_CONVERSION = YES;
				CLANG_WARN_OBJC_ROOT_CLASS = YES_ERROR;
				CLANG_WARN_QUOTED_INCLUDE_IN_FRAMEWORK_HEADER = YES;
				CLANG_WARN_RANGE_LOOP_ANALYSIS = YES;
				CLANG_WARN_STRICT_PROTOTYPES = YES;
				CLANG_WARN_SUSPICIOUS_MOVE = YES;
				CLANG_WARN_UNGUARDED_AVAILABILITY = YES_AGGRESSIVE;
				CLANG_WARN_UNREACHABLE_CODE = YES;
				CLANG_WARN__DUPLICATE_METHOD_MATCH = YES;
				COPY_PHASE_STRIP = NO;
				DEBUG_INFORMATION_FORMAT = dwarf;
				ENABLE_STRICT_OBJC_MSGSEND = YES;
				ENABLE_TESTABILITY = YES;
				GCC_C_LANGUAGE_STANDARD = gnu11;
				GCC_DYNAMIC_NO_PIC = NO;
				GCC_NO_COMMON_BLOCKS = YES;
				GCC_OPTIMIZATION_LEVEL = 0;
				GCC_PREPROCESSOR_DEFINITIONS = (
					"DEBUG=1",
					"$(inherited)",
				);
				GCC_WARN_64_TO_32_BIT_CONVERSION = YES;
				GCC_WARN_ABOUT_RETURN_TYPE = YES_ERROR;
				GCC_WARN_UNDECLARED_SELECTOR = YES;
				GCC_WARN_UNINITIALIZED_AUTOS = YES_AGGRESSIVE;
				GCC_WARN_UNUSED_FUNCTION = YES;
				GCC_WARN_UNUSED_VARIABLE = YES;
				IPHONEOS_DEPLOYMENT_TARGET = 16.4;
				MTL_ENABLE_DEBUG_INFO = INCLUDE_SOURCE;
				MTL_FAST_MATH = YES;
				ONLY_ACTIVE_ARCH = YES;
				SDKROOT = iphoneos;
				SWIFT_ACTIVE_COMPILATION_CONDITIONS = DEBUG;
				SWIFT_OPTIMIZATION_LEVEL = "-Onone";
			};
			name = Debug;
		};
		07D380A829E84A4A003376C1 /* Release */ = {
			isa = XCBuildConfiguration;
			buildSettings = {
				ALWAYS_SEARCH_USER_PATHS = NO;
				CLANG_ANALYZER_NONNULL = YES;
				CLANG_ANALYZER_NUMBER_OBJECT_CONVERSION = YES_AGGRESSIVE;
				CLANG_CXX_LANGUAGE_STANDARD = "gnu++20";
				CLANG_ENABLE_MODULES = YES;
				CLANG_ENABLE_OBJC_ARC = YES;
				CLANG_ENABLE_OBJC_WEAK = YES;
				CLANG_WARN_BLOCK_CAPTURE_AUTORELEASING = YES;
				CLANG_WARN_BOOL_CONVERSION = YES;
				CLANG_WARN_COMMA = YES;
				CLANG_WARN_CONSTANT_CONVERSION = YES;
				CLANG_WARN_DEPRECATED_OBJC_IMPLEMENTATIONS = YES;
				CLANG_WARN_DIRECT_OBJC_ISA_USAGE = YES_ERROR;
				CLANG_WARN_DOCUMENTATION_COMMENTS = YES;
				CLANG_WARN_EMPTY_BODY = YES;
				CLANG_WARN_ENUM_CONVERSION = YES;
				CLANG_WARN_INFINITE_RECURSION = YES;
				CLANG_WARN_INT_CONVERSION = YES;
				CLANG_WARN_NON_LITERAL_NULL_CONVERSION = YES;
				CLANG_WARN_OBJC_IMPLICIT_RETAIN_SELF = YES;
				CLANG_WARN_OBJC_LITERAL_CONVERSION = YES;
				CLANG_WARN_OBJC_ROOT_CLASS = YES_ERROR;
				CLANG_WARN_QUOTED_INCLUDE_IN_FRAMEWORK_HEADER = YES;
				CLANG_WARN_RANGE_LOOP_ANALYSIS = YES;
				CLANG_WARN_STRICT_PROTOTYPES = YES;
				CLANG_WARN_SUSPICIOUS_MOVE = YES;
				CLANG_WARN_UNGUARDED_AVAILABILITY = YES_AGGRESSIVE;
				CLANG_WARN_UNREACHABLE_CODE = YES;
				CLANG_WARN__DUPLICATE_METHOD_MATCH = YES;
				COPY_PHASE_STRIP = NO;
				DEBUG_INFORMATION_FORMAT = "dwarf-with-dsym";
				ENABLE_NS_ASSERTIONS = NO;
				ENABLE_STRICT_OBJC_MSGSEND = YES;
				GCC_C_LANGUAGE_STANDARD = gnu11;
				GCC_NO_COMMON_BLOCKS = YES;
				GCC_WARN_64_TO_32_BIT_CONVERSION = YES;
				GCC_WARN_ABOUT_RETURN_TYPE = YES_ERROR;
				GCC_WARN_UNDECLARED_SELECTOR = YES;
				GCC_WARN_UNINITIALIZED_AUTOS = YES_AGGRESSIVE;
				GCC_WARN_UNUSED_FUNCTION = YES;
				GCC_WARN_UNUSED_VARIABLE = YES;
				IPHONEOS_DEPLOYMENT_TARGET = 16.4;
				MTL_ENABLE_DEBUG_INFO = NO;
				MTL_FAST_MATH = YES;
				SDKROOT = iphoneos;
				SWIFT_COMPILATION_MODE = wholemodule;
				SWIFT_OPTIMIZATION_LEVEL = "-O";
				VALIDATE_PRODUCT = YES;
			};
			name = Release;
		};
		07D380AA29E84A4A003376C1 /* Debug */ = {
			isa = XCBuildConfiguration;
			buildSettings = {
				ASSETCATALOG_COMPILER_APPICON_NAME = AppIcon;
				ASSETCATALOG_COMPILER_GLOBAL_ACCENT_COLOR_NAME = AccentColor;
				CODE_SIGN_STYLE = Automatic;
				CURRENT_PROJECT_VERSION = 1;
				DEVELOPMENT_ASSET_PATHS = "\"NowPlaying4iOS/Preview Content\"";
				ENABLE_PREVIEWS = YES;
				GENERATE_INFOPLIST_FILE = YES;
				INFOPLIST_KEY_UIApplicationSceneManifest_Generation = YES;
				INFOPLIST_KEY_UIApplicationSupportsIndirectInputEvents = YES;
				INFOPLIST_KEY_UILaunchScreen_Generation = YES;
				INFOPLIST_KEY_UISupportedInterfaceOrientations_iPad = "UIInterfaceOrientationPortrait UIInterfaceOrientationPortraitUpsideDown UIInterfaceOrientationLandscapeLeft UIInterfaceOrientationLandscapeRight";
				INFOPLIST_KEY_UISupportedInterfaceOrientations_iPhone = "UIInterfaceOrientationPortrait UIInterfaceOrientationLandscapeLeft UIInterfaceOrientationLandscapeRight";
				LD_RUNPATH_SEARCH_PATHS = (
					"$(inherited)",
					"@executable_path/Frameworks",
				);
				MARKETING_VERSION = 1.0;
				PRODUCT_BUNDLE_IDENTIFIER = com.geckour.NowPlaying4iOS;
				PRODUCT_NAME = "$(TARGET_NAME)";
				SWIFT_EMIT_LOC_STRINGS = YES;
				SWIFT_VERSION = 5.0;
				TARGETED_DEVICE_FAMILY = "1,2";
			};
			name = Debug;
		};
		07D380AB29E84A4A003376C1 /* Release */ = {
			isa = XCBuildConfiguration;
			buildSettings = {
				ASSETCATALOG_COMPILER_APPICON_NAME = AppIcon;
				ASSETCATALOG_COMPILER_GLOBAL_ACCENT_COLOR_NAME = AccentColor;
				CODE_SIGN_STYLE = Automatic;
				CURRENT_PROJECT_VERSION = 1;
				DEVELOPMENT_ASSET_PATHS = "\"NowPlaying4iOS/Preview Content\"";
				ENABLE_PREVIEWS = YES;
				GENERATE_INFOPLIST_FILE = YES;
				INFOPLIST_KEY_UIApplicationSceneManifest_Generation = YES;
				INFOPLIST_KEY_UIApplicationSupportsIndirectInputEvents = YES;
				INFOPLIST_KEY_UILaunchScreen_Generation = YES;
				INFOPLIST_KEY_UISupportedInterfaceOrientations_iPad = "UIInterfaceOrientationPortrait UIInterfaceOrientationPortraitUpsideDown UIInterfaceOrientationLandscapeLeft UIInterfaceOrientationLandscapeRight";
				INFOPLIST_KEY_UISupportedInterfaceOrientations_iPhone = "UIInterfaceOrientationPortrait UIInterfaceOrientationLandscapeLeft UIInterfaceOrientationLandscapeRight";
				LD_RUNPATH_SEARCH_PATHS = (
					"$(inherited)",
					"@executable_path/Frameworks",
				);
				MARKETING_VERSION = 1.0;
				PRODUCT_BUNDLE_IDENTIFIER = com.geckour.NowPlaying4iOS;
				PRODUCT_NAME = "$(TARGET_NAME)";
				SWIFT_EMIT_LOC_STRINGS = YES;
				SWIFT_VERSION = 5.0;
				TARGETED_DEVICE_FAMILY = "1,2";
			};
			name = Release;
		};
		07D380AD29E84A4A003376C1 /* Debug */ = {
			isa = XCBuildConfiguration;
			buildSettings = {
				ALWAYS_EMBED_SWIFT_STANDARD_LIBRARIES = YES;
				BUNDLE_LOADER = "$(TEST_HOST)";
				CODE_SIGN_STYLE = Automatic;
				CURRENT_PROJECT_VERSION = 1;
				GENERATE_INFOPLIST_FILE = YES;
				IPHONEOS_DEPLOYMENT_TARGET = 16.4;
				MARKETING_VERSION = 1.0;
				PRODUCT_BUNDLE_IDENTIFIER = com.geckour.NowPlaying4iOSTests;
				PRODUCT_NAME = "$(TARGET_NAME)";
				SWIFT_EMIT_LOC_STRINGS = NO;
				SWIFT_VERSION = 5.0;
				TARGETED_DEVICE_FAMILY = "1,2";
				TEST_HOST = "$(BUILT_PRODUCTS_DIR)/NowPlaying4iOS.app/$(BUNDLE_EXECUTABLE_FOLDER_PATH)/NowPlaying4iOS";
			};
			name = Debug;
		};
		07D380AE29E84A4A003376C1 /* Release */ = {
			isa = XCBuildConfiguration;
			buildSettings = {
				ALWAYS_EMBED_SWIFT_STANDARD_LIBRARIES = YES;
				BUNDLE_LOADER = "$(TEST_HOST)";
				CODE_SIGN_STYLE = Automatic;
				CURRENT_PROJECT_VERSION = 1;
				GENERATE_INFOPLIST_FILE = YES;
				IPHONEOS_DEPLOYMENT_TARGET = 16.4;
				MARKETING_VERSION = 1.0;
				PRODUCT_BUNDLE_IDENTIFIER = com.geckour.NowPlaying4iOSTests;
				PRODUCT_NAME = "$(TARGET_NAME)";
				SWIFT_EMIT_LOC_STRINGS = NO;
				SWIFT_VERSION = 5.0;
				TARGETED_DEVICE_FAMILY = "1,2";
				TEST_HOST = "$(BUILT_PRODUCTS_DIR)/NowPlaying4iOS.app/$(BUNDLE_EXECUTABLE_FOLDER_PATH)/NowPlaying4iOS";
			};
			name = Release;
		};
		07D380B029E84A4A003376C1 /* Debug */ = {
			isa = XCBuildConfiguration;
			buildSettings = {
				ALWAYS_EMBED_SWIFT_STANDARD_LIBRARIES = YES;
				CODE_SIGN_STYLE = Automatic;
				CURRENT_PROJECT_VERSION = 1;
				GENERATE_INFOPLIST_FILE = YES;
				MARKETING_VERSION = 1.0;
				PRODUCT_BUNDLE_IDENTIFIER = com.geckour.NowPlaying4iOSUITests;
				PRODUCT_NAME = "$(TARGET_NAME)";
				SWIFT_EMIT_LOC_STRINGS = NO;
				SWIFT_VERSION = 5.0;
				TARGETED_DEVICE_FAMILY = "1,2";
				TEST_TARGET_NAME = NowPlaying4iOS;
			};
			name = Debug;
		};
		07D380B129E84A4A003376C1 /* Release */ = {
			isa = XCBuildConfiguration;
			buildSettings = {
				ALWAYS_EMBED_SWIFT_STANDARD_LIBRARIES = YES;
				CODE_SIGN_STYLE = Automatic;
				CURRENT_PROJECT_VERSION = 1;
				GENERATE_INFOPLIST_FILE = YES;
				MARKETING_VERSION = 1.0;
				PRODUCT_BUNDLE_IDENTIFIER = com.geckour.NowPlaying4iOSUITests;
				PRODUCT_NAME = "$(TARGET_NAME)";
				SWIFT_EMIT_LOC_STRINGS = NO;
				SWIFT_VERSION = 5.0;
				TARGETED_DEVICE_FAMILY = "1,2";
				TEST_TARGET_NAME = NowPlaying4iOS;
			};
			name = Release;
		};
/* End XCBuildConfiguration section */

/* Begin XCConfigurationList section */
		07D3808029E84A48003376C1 /* Build configuration list for PBXProject "NowPlaying4iOS" */ = {
			isa = XCConfigurationList;
			buildConfigurations = (
				07D380A729E84A4A003376C1 /* Debug */,
				07D380A829E84A4A003376C1 /* Release */,
			);
			defaultConfigurationIsVisible = 0;
			defaultConfigurationName = Release;
		};
		07D380A929E84A4A003376C1 /* Build configuration list for PBXNativeTarget "NowPlaying4iOS" */ = {
			isa = XCConfigurationList;
			buildConfigurations = (
				07D380AA29E84A4A003376C1 /* Debug */,
				07D380AB29E84A4A003376C1 /* Release */,
			);
			defaultConfigurationIsVisible = 0;
			defaultConfigurationName = Release;
		};
		07D380AC29E84A4A003376C1 /* Build configuration list for PBXNativeTarget "NowPlaying4iOSTests" */ = {
			isa = XCConfigurationList;
			buildConfigurations = (
				07D380AD29E84A4A003376C1 /* Debug */,
				07D380AE29E84A4A003376C1 /* Release */,
			);
			defaultConfigurationIsVisible = 0;
			defaultConfigurationName = Release;
		};
		07D380AF29E84A4A003376C1 /* Build configuration list for PBXNativeTarget "NowPlaying4iOSUITests" */ = {
			isa = XCConfigurationList;
			buildConfigurations = (
				07D380B029E84A4A003376C1 /* Debug */,
				07D380B129E84A4A003376C1 /* Release */,
			);
			defaultConfigurationIsVisible = 0;
			defaultConfigurationName = Release;
		};
/* End XCConfigurationList section */
	};
	rootObject = 07D3807D29E84A48003376C1 /* Project object */;
}
